
Microsoft Visual Studio Solution File, Format Version 11.00
# Visual Studio 2010
Project("{FAE04EC0-301F-11D3-BF4B-00C04F79EFBC}") = "LcdExample", "LcdExample\LcdExample.csproj", "{D5E41B28-D2D1-4ECA-9176-B7D23894DE49}"
EndProject
Project("{FAE04EC0-301F-11D3-BF4B-00C04F79EFBC}") = "MonoBrickFirmware", "MonoBrickFirmware\MonoBrickFirmware.csproj", "{67261E03-D263-4C42-A5AD-2A4820231B28}"
EndProject
Project("{FAE04EC0-301F-11D3-BF4B-00C04F79EFBC}") = "MotorExample", "MotorExample\MotorExample.csproj", "{76DEED88-464B-42B7-8F82-0EB0249B05A7}"
EndProject
Project("{FAE04EC0-301F-11D3-BF4B-00C04F79EFBC}") = "StartupApp", "StartupApp\StartupApp.csproj", "{75E781D0-7313-445B-8430-DECB0AD3C96E}"
EndProject
Project("{FAE04EC0-301F-11D3-BF4B-00C04F79EFBC}") = "VehicleExample", "VehicleExample\VehicleExample.csproj", "{087D4242-7FC3-48C5-8F61-0C7329BBC5F4}"
EndProject
Project("{FAE04EC0-301F-11D3-BF4B-00C04F79EFBC}") = "TouchSensorExample", "TouchSensorExample\TouchSensorExample.csproj", "{3FCBF457-301A-4F4E-B2E2-D6D2C680FDAC}"
EndProject
Project("{FAE04EC0-301F-11D3-BF4B-00C04F79EFBC}") = "LightSensorExample", "LightSensorExample\LightSensorExample.csproj", "{610E902C-B188-4C05-BDEB-1CDB38893F89}"
EndProject
Project("{FAE04EC0-301F-11D3-BF4B-00C04F79EFBC}") = "ColorSensorExample", "ColorSensorExample\ColorSensorExample.csproj", "{CFE397E2-F479-4B7D-BB02-11BC2859F00B}"
EndProject
Project("{FAE04EC0-301F-11D3-BF4B-00C04F79EFBC}") = "FacebookExample", "FacebookExample\FacebookExample.csproj", "{B5086CF6-F415-44FB-8543-E912A7D28D05}"
EndProject
Project("{FAE04EC0-301F-11D3-BF4B-00C04F79EFBC}") = "IRSensorExample", "IRSensorExample\IRSensorExample.csproj", "{826357C7-2F1F-46CD-8786-5987E6E26767}"
EndProject
Global
	GlobalSection(SolutionConfigurationPlatforms) = preSolution
		Debug|x86 = Debug|x86
		Release|x86 = Release|x86
	EndGlobalSection
	GlobalSection(ProjectConfigurationPlatforms) = postSolution
		{087D4242-7FC3-48C5-8F61-0C7329BBC5F4}.Debug|x86.ActiveCfg = Debug|x86
		{087D4242-7FC3-48C5-8F61-0C7329BBC5F4}.Debug|x86.Build.0 = Debug|x86
		{087D4242-7FC3-48C5-8F61-0C7329BBC5F4}.Release|x86.ActiveCfg = Release|x86
		{087D4242-7FC3-48C5-8F61-0C7329BBC5F4}.Release|x86.Build.0 = Release|x86
		{3FCBF457-301A-4F4E-B2E2-D6D2C680FDAC}.Debug|x86.ActiveCfg = Debug|x86
		{3FCBF457-301A-4F4E-B2E2-D6D2C680FDAC}.Debug|x86.Build.0 = Debug|x86
		{3FCBF457-301A-4F4E-B2E2-D6D2C680FDAC}.Release|x86.ActiveCfg = Release|x86
		{3FCBF457-301A-4F4E-B2E2-D6D2C680FDAC}.Release|x86.Build.0 = Release|x86
		{610E902C-B188-4C05-BDEB-1CDB38893F89}.Debug|x86.ActiveCfg = Debug|x86
		{610E902C-B188-4C05-BDEB-1CDB38893F89}.Debug|x86.Build.0 = Debug|x86
		{610E902C-B188-4C05-BDEB-1CDB38893F89}.Release|x86.ActiveCfg = Release|x86
		{610E902C-B188-4C05-BDEB-1CDB38893F89}.Release|x86.Build.0 = Release|x86
		{67261E03-D263-4C42-A5AD-2A4820231B28}.Debug|x86.ActiveCfg = Debug|x86
		{67261E03-D263-4C42-A5AD-2A4820231B28}.Debug|x86.Build.0 = Debug|x86
		{67261E03-D263-4C42-A5AD-2A4820231B28}.Release|x86.ActiveCfg = Release|x86
		{67261E03-D263-4C42-A5AD-2A4820231B28}.Release|x86.Build.0 = Release|x86
		{75E781D0-7313-445B-8430-DECB0AD3C96E}.Debug|x86.ActiveCfg = Debug|x86
		{75E781D0-7313-445B-8430-DECB0AD3C96E}.Debug|x86.Build.0 = Debug|x86
		{75E781D0-7313-445B-8430-DECB0AD3C96E}.Release|x86.ActiveCfg = Release|x86
		{75E781D0-7313-445B-8430-DECB0AD3C96E}.Release|x86.Build.0 = Release|x86
		{76DEED88-464B-42B7-8F82-0EB0249B05A7}.Debug|x86.ActiveCfg = Debug|x86
		{76DEED88-464B-42B7-8F82-0EB0249B05A7}.Debug|x86.Build.0 = Debug|x86
		{76DEED88-464B-42B7-8F82-0EB0249B05A7}.Release|x86.ActiveCfg = Release|x86
		{76DEED88-464B-42B7-8F82-0EB0249B05A7}.Release|x86.Build.0 = Release|x86
		{826357C7-2F1F-46CD-8786-5987E6E26767}.Debug|x86.ActiveCfg = Debug|x86
		{826357C7-2F1F-46CD-8786-5987E6E26767}.Debug|x86.Build.0 = Debug|x86
		{826357C7-2F1F-46CD-8786-5987E6E26767}.Release|x86.ActiveCfg = Release|x86
		{826357C7-2F1F-46CD-8786-5987E6E26767}.Release|x86.Build.0 = Release|x86
		{B5086CF6-F415-44FB-8543-E912A7D28D05}.Debug|x86.ActiveCfg = Debug|x86
		{B5086CF6-F415-44FB-8543-E912A7D28D05}.Debug|x86.Build.0 = Debug|x86
		{B5086CF6-F415-44FB-8543-E912A7D28D05}.Release|x86.ActiveCfg = Release|x86
		{B5086CF6-F415-44FB-8543-E912A7D28D05}.Release|x86.Build.0 = Release|x86
		{CFE397E2-F479-4B7D-BB02-11BC2859F00B}.Debug|x86.ActiveCfg = Debug|x86
		{CFE397E2-F479-4B7D-BB02-11BC2859F00B}.Debug|x86.Build.0 = Debug|x86
		{CFE397E2-F479-4B7D-BB02-11BC2859F00B}.Release|x86.ActiveCfg = Release|x86
		{CFE397E2-F479-4B7D-BB02-11BC2859F00B}.Release|x86.Build.0 = Release|x86
		{D5E41B28-D2D1-4ECA-9176-B7D23894DE49}.Debug|x86.ActiveCfg = Debug|x86
		{D5E41B28-D2D1-4ECA-9176-B7D23894DE49}.Debug|x86.Build.0 = Debug|x86
		{D5E41B28-D2D1-4ECA-9176-B7D23894DE49}.Release|x86.ActiveCfg = Release|x86
		{D5E41B28-D2D1-4ECA-9176-B7D23894DE49}.Release|x86.Build.0 = Release|x86
	EndGlobalSection
	GlobalSection(MonoDevelopProperties) = preSolution
		StartupItem = IRSensorExample\IRSensorExample.csproj
		Policies = $0
		$0.VersionControlPolicy = $1
		$1.CommitMessageStyle = $2
		$2.FirstFilePrefix = 
		$2.FileSeparator = ", "
		$2.LineAlign = 0
		$2.InterMessageLines = 0
		$2.Wrap = False
		$1.inheritsSet = Mono
		$0.ChangeLogPolicy = $3
		$3.UpdateMode = None
		$3.VcsIntegration = None
		$3.MessageStyle = $4
		$4.LineAlign = 0
		$3.inheritsSet = Mono
	EndGlobalSection
EndGlobal
