
Microsoft Visual Studio Solution File, Format Version 11.00
# Visual Studio 2010
Project("{FAE04EC0-301F-11D3-BF4B-00C04F79EFBC}") = "LcdExample", "LcdExample\LcdExample.csproj", "{D5E41B28-D2D1-4ECA-9176-B7D23894DE49}"
EndProject
Project("{FAE04EC0-301F-11D3-BF4B-00C04F79EFBC}") = "MonoBrickFirmware", "MonoBrickFirmware\MonoBrickFirmware.csproj", "{67261E03-D263-4C42-A5AD-2A4820231B28}"
EndProject
Project("{FAE04EC0-301F-11D3-BF4B-00C04F79EFBC}") = "MotorExample", "MotorExample\MotorExample.csproj", "{76DEED88-464B-42B7-8F82-0EB0249B05A7}"
EndProject
Project("{FAE04EC0-301F-11D3-BF4B-00C04F79EFBC}") = "StartupApp", "StartupApp\StartupApp.csproj", "{75E781D0-7313-445B-8430-DECB0AD3C96E}"
EndProject
Project("{FAE04EC0-301F-11D3-BF4B-00C04F79EFBC}") = "VehicleExample", "VehicleExample\VehicleExample.csproj", "{087D4242-7FC3-48C5-8F61-0C7329BBC5F4}"
EndProject
Project("{FAE04EC0-301F-11D3-BF4B-00C04F79EFBC}") = "TouchSensorExample", "TouchSensorExample\TouchSensorExample.csproj", "{3FCBF457-301A-4F4E-B2E2-D6D2C680FDAC}"
EndProject
Project("{FAE04EC0-301F-11D3-BF4B-00C04F79EFBC}") = "LightSensorExample", "LightSensorExample\LightSensorExample.csproj", "{610E902C-B188-4C05-BDEB-1CDB38893F89}"
EndProject
Project("{FAE04EC0-301F-11D3-BF4B-00C04F79EFBC}") = "ColorSensorExample", "ColorSensorExample\ColorSensorExample.csproj", "{CFE397E2-F479-4B7D-BB02-11BC2859F00B}"
EndProject
Project("{FAE04EC0-301F-11D3-BF4B-00C04F79EFBC}") = "FacebookExample", "FacebookExample\FacebookExample.csproj", "{B5086CF6-F415-44FB-8543-E912A7D28D05}"
EndProject
Project("{FAE04EC0-301F-11D3-BF4B-00C04F79EFBC}") = "IRSensorExample", "IRSensorExample\IRSensorExample.csproj", "{826357C7-2F1F-46CD-8786-5987E6E26767}"
EndProject
Project("{FAE04EC0-301F-11D3-BF4B-00C04F79EFBC}") = "HiTechnicI2CExample", "HiTechnicI2CExample\HiTechnicI2CExample.csproj", "{11C84BA4-9A8A-4BF2-AA7B-2D45AC63ACAE}"
EndProject
Project("{FAE04EC0-301F-11D3-BF4B-00C04F79EFBC}") = "SoundSensorExample", "SoundSensorExample\SoundSensorExample.csproj", "{61423DCA-229C-4A9C-B49A-3F2C1432B8F0}"
EndProject
Project("{FAE04EC0-301F-11D3-BF4B-00C04F79EFBC}") = "UltraSonicSensorExample", "UltraSonicSensorExample\UltraSonicSensorExample.csproj", "{5E5516A2-E61D-4748-A4C0-0B92EDC67048}"
EndProject
Project("{FAE04EC0-301F-11D3-BF4B-00C04F79EFBC}") = "GyroSensorExample", "GyroSensorExample\GyroSensorExample.csproj", "{CB1D3F34-4C0F-409F-844B-4874E251E34A}"
EndProject
Project("{FAE04EC0-301F-11D3-BF4B-00C04F79EFBC}") = "GmailExample", "GmailExample\GmailExample.csproj", "{F9469EB1-222C-4F43-B426-4FA196401BE7}"
EndProject
Project("{FAE04EC0-301F-11D3-BF4B-00C04F79EFBC}") = "JITTest", "JITTest\JITTest.csproj", "{9C5F4ECE-D07C-40F3-AC02-E3CF5A71C1F6}"
EndProject
Project("{FAE04EC0-301F-11D3-BF4B-00C04F79EFBC}") = "SoundExample", "SoundExample\SoundExample.csproj", "{E89DEB78-3534-4A71-89D4-9504EF7C7884}"
EndProject
Project("{FAE04EC0-301F-11D3-BF4B-00C04F79EFBC}") = "HiTechnicGyroSensorExample", "HiTechnicGyroSensorExample\HiTechnicGyroSensorExample.csproj", "{E069E7FC-8331-40B1-BB45-119E02210B96}"
EndProject
Project("{FAE04EC0-301F-11D3-BF4B-00C04F79EFBC}") = "MonoBrickWebServer", "MonoBrickWebServer\MonoBrickWebServer.csproj", "{46A2BC89-7B2D-40CC-84D2-67A145924A0B}"
EndProject
Project("{FAE04EC0-301F-11D3-BF4B-00C04F79EFBC}") = "SensorFactoryExample", "SensorFactoryExample\SensorFactoryExample.csproj", "{64CFD3F7-4F67-4353-9617-BA4804A2F389}"
EndProject
Project("{FAE04EC0-301F-11D3-BF4B-00C04F79EFBC}") = "MenuExample", "MenuExample\MenuExample.csproj", "{640B405A-3BE2-423C-A32F-310EE9C4DFF1}"
EndProject
Project("{FAE04EC0-301F-11D3-BF4B-00C04F79EFBC}") = "MonoBrickAddin", "AddIn\MonoBrickAddin.csproj", "{314570C2-D0F1-45D2-868D-FA54E2F538F8}"
EndProject
Project("{FAE04EC0-301F-11D3-BF4B-00C04F79EFBC}") = "PositionPIDExample", "PositionPIDExample\PositionPIDExample.csproj", "{E5C67E4C-5BDE-419A-9014-241E4FCFD2E8}"
EndProject
Project("{2150E333-8FDC-42A3-9474-1A3956D46DE8}") = "Solution Items", "Solution Items", "{060FB881-2269-42D7-92C6-D1326181DCCC}"
	ProjectSection(SolutionItems) = preProject
		version.txt = version.txt
		AssemblyInfo.cs = AssemblyInfo.cs
	EndProjectSection
EndProject
Project("{FAE04EC0-301F-11D3-BF4B-00C04F79EFBC}") = "LcdDrawExample", "LcdDrawExample\LcdDrawExample.csproj", "{2730A667-E9ED-4CA7-8281-CF04EB9707BC}"
EndProject
Project("{FAE04EC0-301F-11D3-BF4B-00C04F79EFBC}") = "MonoBrickWebserverPCTest", "MonoBrickWebserverPCTest\MonoBrickWebserverPCTest.csproj", "{89D9CC07-BD5F-4A5E-A27E-BEECFAEC6213}"
EndProject
Project("{FAE04EC0-301F-11D3-BF4B-00C04F79EFBC}") = "MonoBrickWebserverDynamicTest", "MonoBrickWebserverDynamicTest\MonoBrickWebserverDynamicTest.csproj", "{74BA831E-D185-47CB-B892-97DFDF2EEBCF}"
EndProject
Project("{FAE04EC0-301F-11D3-BF4B-00C04F79EFBC}") = "InstallCreator", "InstallCreator\InstallCreator.csproj", "{33EA4399-1595-42E9-85C6-6DA5FFDB14B8}"
EndProject
Project("{FAE04EC0-301F-11D3-BF4B-00C04F79EFBC}") = "DownloadInstallerTest", "DownloadInstallerTest\DownloadInstallerTest.csproj", "{86B004D1-B578-4C41-9AAB-277339FC1195}"
EndProject
Project("{FAE04EC0-301F-11D3-BF4B-00C04F79EFBC}") = "SQLiteExample", "SQLiteExample\SQLiteExample.csproj", "{2667A207-FB21-4A6E-9DAE-847478B6B3F9}"
EndProject
Project("{FAE04EC0-301F-11D3-BF4B-00C04F79EFBC}") = "MonoBrickWebserverExample", "MonoBrickWebserverEV3Test\MonoBrickWebserverExample.csproj", "{55959123-F345-4B10-98C1-7599C2B80C63}"
EndProject
Project("{FAE04EC0-301F-11D3-BF4B-00C04F79EFBC}") = "MindsensorsDistanceSensorExample", "MindsensorsDistanceSensorExample\MindsensorsDistanceSensorExample.csproj", "{8F6AD806-23D7-4810-9A5A-718C6563687F}"
EndProject
Project("{FAE04EC0-301F-11D3-BF4B-00C04F79EFBC}") = "MindsensorsMuxExample", "MindsensorsMuxExample\MindsensorsMuxExample.csproj", "{6F47269A-01E4-491E-A5D6-F4E2A39E4E33}"
EndProject
Project("{FAE04EC0-301F-11D3-BF4B-00C04F79EFBC}") = "MindsensorsAngleExample", "MindsensorsAngleExample\MindsensorsAngleExample.csproj", "{7DC2E6DE-E940-4F90-B83F-01CD0660E6DB}"
EndProject
Project("{FAE04EC0-301F-11D3-BF4B-00C04F79EFBC}") = "Test", "Test\Test.csproj", "{9152A05B-7FD4-485A-BB6A-B7C7AD0B3AAA}"
EndProject
Global
	GlobalSection(SolutionConfigurationPlatforms) = preSolution
		Debug|Any CPU = Debug|Any CPU
		Release|Any CPU = Release|Any CPU
	EndGlobalSection
	GlobalSection(ProjectConfigurationPlatforms) = postSolution
		{087D4242-7FC3-48C5-8F61-0C7329BBC5F4}.Debug|Any CPU.ActiveCfg = Debug|Any CPU
		{087D4242-7FC3-48C5-8F61-0C7329BBC5F4}.Debug|Any CPU.Build.0 = Debug|Any CPU
		{087D4242-7FC3-48C5-8F61-0C7329BBC5F4}.Release|Any CPU.ActiveCfg = Release|Any CPU
		{087D4242-7FC3-48C5-8F61-0C7329BBC5F4}.Release|Any CPU.Build.0 = Release|Any CPU
		{11C84BA4-9A8A-4BF2-AA7B-2D45AC63ACAE}.Debug|Any CPU.ActiveCfg = Debug|Any CPU
		{11C84BA4-9A8A-4BF2-AA7B-2D45AC63ACAE}.Debug|Any CPU.Build.0 = Debug|Any CPU
		{11C84BA4-9A8A-4BF2-AA7B-2D45AC63ACAE}.Release|Any CPU.ActiveCfg = Release|Any CPU
		{11C84BA4-9A8A-4BF2-AA7B-2D45AC63ACAE}.Release|Any CPU.Build.0 = Release|Any CPU
		{2667A207-FB21-4A6E-9DAE-847478B6B3F9}.Debug|Any CPU.ActiveCfg = Debug|Any CPU
		{2667A207-FB21-4A6E-9DAE-847478B6B3F9}.Debug|Any CPU.Build.0 = Debug|Any CPU
		{2667A207-FB21-4A6E-9DAE-847478B6B3F9}.Release|Any CPU.ActiveCfg = Release|Any CPU
		{2667A207-FB21-4A6E-9DAE-847478B6B3F9}.Release|Any CPU.Build.0 = Release|Any CPU
		{2730A667-E9ED-4CA7-8281-CF04EB9707BC}.Debug|Any CPU.ActiveCfg = Debug|Any CPU
		{2730A667-E9ED-4CA7-8281-CF04EB9707BC}.Debug|Any CPU.Build.0 = Debug|Any CPU
		{2730A667-E9ED-4CA7-8281-CF04EB9707BC}.Release|Any CPU.ActiveCfg = Release|Any CPU
		{2730A667-E9ED-4CA7-8281-CF04EB9707BC}.Release|Any CPU.Build.0 = Release|Any CPU
		{314570C2-D0F1-45D2-868D-FA54E2F538F8}.Debug|Any CPU.ActiveCfg = Debug|Any CPU
		{314570C2-D0F1-45D2-868D-FA54E2F538F8}.Debug|Any CPU.Build.0 = Debug|Any CPU
		{314570C2-D0F1-45D2-868D-FA54E2F538F8}.Release|Any CPU.ActiveCfg = Release|Any CPU
		{314570C2-D0F1-45D2-868D-FA54E2F538F8}.Release|Any CPU.Build.0 = Release|Any CPU
		{33EA4399-1595-42E9-85C6-6DA5FFDB14B8}.Debug|Any CPU.ActiveCfg = Debug|Any CPU
		{33EA4399-1595-42E9-85C6-6DA5FFDB14B8}.Debug|Any CPU.Build.0 = Debug|Any CPU
		{33EA4399-1595-42E9-85C6-6DA5FFDB14B8}.Release|Any CPU.ActiveCfg = Release|Any CPU
		{33EA4399-1595-42E9-85C6-6DA5FFDB14B8}.Release|Any CPU.Build.0 = Release|Any CPU
		{3FCBF457-301A-4F4E-B2E2-D6D2C680FDAC}.Debug|Any CPU.ActiveCfg = Debug|Any CPU
		{3FCBF457-301A-4F4E-B2E2-D6D2C680FDAC}.Debug|Any CPU.Build.0 = Debug|Any CPU
		{3FCBF457-301A-4F4E-B2E2-D6D2C680FDAC}.Release|Any CPU.ActiveCfg = Release|Any CPU
		{3FCBF457-301A-4F4E-B2E2-D6D2C680FDAC}.Release|Any CPU.Build.0 = Release|Any CPU
		{46A2BC89-7B2D-40CC-84D2-67A145924A0B}.Debug|Any CPU.ActiveCfg = Debug|Any CPU
		{46A2BC89-7B2D-40CC-84D2-67A145924A0B}.Debug|Any CPU.Build.0 = Debug|Any CPU
		{46A2BC89-7B2D-40CC-84D2-67A145924A0B}.Release|Any CPU.ActiveCfg = Release|Any CPU
		{46A2BC89-7B2D-40CC-84D2-67A145924A0B}.Release|Any CPU.Build.0 = Release|Any CPU
		{55959123-F345-4B10-98C1-7599C2B80C63}.Debug|Any CPU.ActiveCfg = Debug|Any CPU
		{55959123-F345-4B10-98C1-7599C2B80C63}.Debug|Any CPU.Build.0 = Debug|Any CPU
		{55959123-F345-4B10-98C1-7599C2B80C63}.Release|Any CPU.ActiveCfg = Release|Any CPU
		{55959123-F345-4B10-98C1-7599C2B80C63}.Release|Any CPU.Build.0 = Release|Any CPU
		{5E5516A2-E61D-4748-A4C0-0B92EDC67048}.Debug|Any CPU.ActiveCfg = Debug|Any CPU
		{5E5516A2-E61D-4748-A4C0-0B92EDC67048}.Debug|Any CPU.Build.0 = Debug|Any CPU
		{5E5516A2-E61D-4748-A4C0-0B92EDC67048}.Release|Any CPU.ActiveCfg = Release|Any CPU
		{5E5516A2-E61D-4748-A4C0-0B92EDC67048}.Release|Any CPU.Build.0 = Release|Any CPU
		{610E902C-B188-4C05-BDEB-1CDB38893F89}.Debug|Any CPU.ActiveCfg = Debug|Any CPU
		{610E902C-B188-4C05-BDEB-1CDB38893F89}.Debug|Any CPU.Build.0 = Debug|Any CPU
		{610E902C-B188-4C05-BDEB-1CDB38893F89}.Release|Any CPU.ActiveCfg = Release|Any CPU
		{610E902C-B188-4C05-BDEB-1CDB38893F89}.Release|Any CPU.Build.0 = Release|Any CPU
		{61423DCA-229C-4A9C-B49A-3F2C1432B8F0}.Debug|Any CPU.ActiveCfg = Debug|Any CPU
		{61423DCA-229C-4A9C-B49A-3F2C1432B8F0}.Debug|Any CPU.Build.0 = Debug|Any CPU
		{61423DCA-229C-4A9C-B49A-3F2C1432B8F0}.Release|Any CPU.ActiveCfg = Release|Any CPU
		{61423DCA-229C-4A9C-B49A-3F2C1432B8F0}.Release|Any CPU.Build.0 = Release|Any CPU
		{640B405A-3BE2-423C-A32F-310EE9C4DFF1}.Debug|Any CPU.ActiveCfg = Debug|Any CPU
		{640B405A-3BE2-423C-A32F-310EE9C4DFF1}.Debug|Any CPU.Build.0 = Debug|Any CPU
		{640B405A-3BE2-423C-A32F-310EE9C4DFF1}.Release|Any CPU.ActiveCfg = Release|Any CPU
		{640B405A-3BE2-423C-A32F-310EE9C4DFF1}.Release|Any CPU.Build.0 = Release|Any CPU
		{64CFD3F7-4F67-4353-9617-BA4804A2F389}.Debug|Any CPU.ActiveCfg = Debug|Any CPU
		{64CFD3F7-4F67-4353-9617-BA4804A2F389}.Debug|Any CPU.Build.0 = Debug|Any CPU
		{64CFD3F7-4F67-4353-9617-BA4804A2F389}.Release|Any CPU.ActiveCfg = Release|Any CPU
		{64CFD3F7-4F67-4353-9617-BA4804A2F389}.Release|Any CPU.Build.0 = Release|Any CPU
		{67261E03-D263-4C42-A5AD-2A4820231B28}.Debug|Any CPU.ActiveCfg = Debug|Any CPU
		{67261E03-D263-4C42-A5AD-2A4820231B28}.Debug|Any CPU.Build.0 = Debug|Any CPU
		{67261E03-D263-4C42-A5AD-2A4820231B28}.Release|Any CPU.ActiveCfg = Release|Any CPU
		{67261E03-D263-4C42-A5AD-2A4820231B28}.Release|Any CPU.Build.0 = Release|Any CPU
		{6F47269A-01E4-491E-A5D6-F4E2A39E4E33}.Debug|Any CPU.ActiveCfg = Debug|Any CPU
		{6F47269A-01E4-491E-A5D6-F4E2A39E4E33}.Debug|Any CPU.Build.0 = Debug|Any CPU
		{6F47269A-01E4-491E-A5D6-F4E2A39E4E33}.Release|Any CPU.ActiveCfg = Release|Any CPU
		{6F47269A-01E4-491E-A5D6-F4E2A39E4E33}.Release|Any CPU.Build.0 = Release|Any CPU
		{74BA831E-D185-47CB-B892-97DFDF2EEBCF}.Debug|Any CPU.ActiveCfg = Debug|Any CPU
		{74BA831E-D185-47CB-B892-97DFDF2EEBCF}.Release|Any CPU.ActiveCfg = Release|Any CPU
		{75E781D0-7313-445B-8430-DECB0AD3C96E}.Debug|Any CPU.ActiveCfg = Debug|Any CPU
		{75E781D0-7313-445B-8430-DECB0AD3C96E}.Debug|Any CPU.Build.0 = Debug|Any CPU
		{75E781D0-7313-445B-8430-DECB0AD3C96E}.Release|Any CPU.ActiveCfg = Release|Any CPU
		{75E781D0-7313-445B-8430-DECB0AD3C96E}.Release|Any CPU.Build.0 = Release|Any CPU
		{76DEED88-464B-42B7-8F82-0EB0249B05A7}.Debug|Any CPU.ActiveCfg = Debug|Any CPU
		{76DEED88-464B-42B7-8F82-0EB0249B05A7}.Debug|Any CPU.Build.0 = Debug|Any CPU
		{76DEED88-464B-42B7-8F82-0EB0249B05A7}.Release|Any CPU.ActiveCfg = Release|Any CPU
		{76DEED88-464B-42B7-8F82-0EB0249B05A7}.Release|Any CPU.Build.0 = Release|Any CPU
		{7DC2E6DE-E940-4F90-B83F-01CD0660E6DB}.Debug|Any CPU.ActiveCfg = Debug|Any CPU
		{7DC2E6DE-E940-4F90-B83F-01CD0660E6DB}.Debug|Any CPU.Build.0 = Debug|Any CPU
		{7DC2E6DE-E940-4F90-B83F-01CD0660E6DB}.Release|Any CPU.ActiveCfg = Release|Any CPU
		{7DC2E6DE-E940-4F90-B83F-01CD0660E6DB}.Release|Any CPU.Build.0 = Release|Any CPU
		{826357C7-2F1F-46CD-8786-5987E6E26767}.Debug|Any CPU.ActiveCfg = Debug|Any CPU
		{826357C7-2F1F-46CD-8786-5987E6E26767}.Debug|Any CPU.Build.0 = Debug|Any CPU
		{826357C7-2F1F-46CD-8786-5987E6E26767}.Release|Any CPU.ActiveCfg = Release|Any CPU
		{826357C7-2F1F-46CD-8786-5987E6E26767}.Release|Any CPU.Build.0 = Release|Any CPU
		{86B004D1-B578-4C41-9AAB-277339FC1195}.Debug|Any CPU.ActiveCfg = Debug|Any CPU
		{86B004D1-B578-4C41-9AAB-277339FC1195}.Debug|Any CPU.Build.0 = Debug|Any CPU
		{86B004D1-B578-4C41-9AAB-277339FC1195}.Release|Any CPU.ActiveCfg = Release|Any CPU
		{86B004D1-B578-4C41-9AAB-277339FC1195}.Release|Any CPU.Build.0 = Release|Any CPU
		{89D9CC07-BD5F-4A5E-A27E-BEECFAEC6213}.Debug|Any CPU.ActiveCfg = Debug|Any CPU
		{89D9CC07-BD5F-4A5E-A27E-BEECFAEC6213}.Release|Any CPU.ActiveCfg = Release|Any CPU
		{8F6AD806-23D7-4810-9A5A-718C6563687F}.Debug|Any CPU.ActiveCfg = Debug|Any CPU
		{8F6AD806-23D7-4810-9A5A-718C6563687F}.Debug|Any CPU.Build.0 = Debug|Any CPU
		{8F6AD806-23D7-4810-9A5A-718C6563687F}.Release|Any CPU.ActiveCfg = Release|Any CPU
		{8F6AD806-23D7-4810-9A5A-718C6563687F}.Release|Any CPU.Build.0 = Release|Any CPU
		{9152A05B-7FD4-485A-BB6A-B7C7AD0B3AAA}.Debug|Any CPU.ActiveCfg = Debug|Any CPU
		{9152A05B-7FD4-485A-BB6A-B7C7AD0B3AAA}.Debug|Any CPU.Build.0 = Debug|Any CPU
		{9152A05B-7FD4-485A-BB6A-B7C7AD0B3AAA}.Release|Any CPU.ActiveCfg = Release|Any CPU
		{9152A05B-7FD4-485A-BB6A-B7C7AD0B3AAA}.Release|Any CPU.Build.0 = Release|Any CPU
		{9C5F4ECE-D07C-40F3-AC02-E3CF5A71C1F6}.Debug|Any CPU.ActiveCfg = Debug|Any CPU
		{9C5F4ECE-D07C-40F3-AC02-E3CF5A71C1F6}.Release|Any CPU.ActiveCfg = Release|Any CPU
		{B5086CF6-F415-44FB-8543-E912A7D28D05}.Debug|Any CPU.ActiveCfg = Debug|Any CPU
		{B5086CF6-F415-44FB-8543-E912A7D28D05}.Release|Any CPU.ActiveCfg = Release|Any CPU
		{CB1D3F34-4C0F-409F-844B-4874E251E34A}.Debug|Any CPU.ActiveCfg = Debug|Any CPU
		{CB1D3F34-4C0F-409F-844B-4874E251E34A}.Debug|Any CPU.Build.0 = Debug|Any CPU
		{CB1D3F34-4C0F-409F-844B-4874E251E34A}.Release|Any CPU.ActiveCfg = Release|Any CPU
		{CB1D3F34-4C0F-409F-844B-4874E251E34A}.Release|Any CPU.Build.0 = Release|Any CPU
		{CFE397E2-F479-4B7D-BB02-11BC2859F00B}.Debug|Any CPU.ActiveCfg = Debug|Any CPU
		{CFE397E2-F479-4B7D-BB02-11BC2859F00B}.Debug|Any CPU.Build.0 = Debug|Any CPU
		{CFE397E2-F479-4B7D-BB02-11BC2859F00B}.Release|Any CPU.ActiveCfg = Release|Any CPU
		{CFE397E2-F479-4B7D-BB02-11BC2859F00B}.Release|Any CPU.Build.0 = Release|Any CPU
		{D5E41B28-D2D1-4ECA-9176-B7D23894DE49}.Debug|Any CPU.ActiveCfg = Debug|Any CPU
		{D5E41B28-D2D1-4ECA-9176-B7D23894DE49}.Debug|Any CPU.Build.0 = Debug|Any CPU
		{D5E41B28-D2D1-4ECA-9176-B7D23894DE49}.Release|Any CPU.ActiveCfg = Release|Any CPU
		{D5E41B28-D2D1-4ECA-9176-B7D23894DE49}.Release|Any CPU.Build.0 = Release|Any CPU
		{E069E7FC-8331-40B1-BB45-119E02210B96}.Debug|Any CPU.ActiveCfg = Debug|Any CPU
		{E069E7FC-8331-40B1-BB45-119E02210B96}.Debug|Any CPU.Build.0 = Debug|Any CPU
		{E069E7FC-8331-40B1-BB45-119E02210B96}.Release|Any CPU.ActiveCfg = Release|Any CPU
		{E069E7FC-8331-40B1-BB45-119E02210B96}.Release|Any CPU.Build.0 = Release|Any CPU
		{E5C67E4C-5BDE-419A-9014-241E4FCFD2E8}.Debug|Any CPU.ActiveCfg = Debug|Any CPU
		{E5C67E4C-5BDE-419A-9014-241E4FCFD2E8}.Debug|Any CPU.Build.0 = Debug|Any CPU
		{E5C67E4C-5BDE-419A-9014-241E4FCFD2E8}.Release|Any CPU.ActiveCfg = Release|Any CPU
		{E5C67E4C-5BDE-419A-9014-241E4FCFD2E8}.Release|Any CPU.Build.0 = Release|Any CPU
		{E89DEB78-3534-4A71-89D4-9504EF7C7884}.Debug|Any CPU.ActiveCfg = Debug|Any CPU
		{E89DEB78-3534-4A71-89D4-9504EF7C7884}.Debug|Any CPU.Build.0 = Debug|Any CPU
		{E89DEB78-3534-4A71-89D4-9504EF7C7884}.Release|Any CPU.ActiveCfg = Release|Any CPU
		{E89DEB78-3534-4A71-89D4-9504EF7C7884}.Release|Any CPU.Build.0 = Release|Any CPU
		{F9469EB1-222C-4F43-B426-4FA196401BE7}.Debug|Any CPU.ActiveCfg = Debug|Any CPU
		{F9469EB1-222C-4F43-B426-4FA196401BE7}.Release|Any CPU.ActiveCfg = Release|Any CPU
	EndGlobalSection
	GlobalSection(NestedProjects) = preSolution
	EndGlobalSection
	GlobalSection(MonoDevelopProperties) = preSolution
		Policies = $0
		$0.VersionControlPolicy = $1
		$1.CommitMessageStyle = $2
		$2.FirstFilePrefix = 
		$2.FileSeparator = ", "
		$2.LineAlign = 0
		$2.InterMessageLines = 0
		$2.Wrap = False
		$1.inheritsSet = Mono
		$0.ChangeLogPolicy = $3
		$3.UpdateMode = None
		$3.VcsIntegration = None
		$3.MessageStyle = $4
		$4.LineAlign = 0
		$3.inheritsSet = Mono
		version = 1.2
	EndGlobalSection
	GlobalSection(SolutionProperties) = preSolution
		HideSolutionNode = FALSE
	EndGlobalSection
EndGlobal
