
Microsoft Visual Studio Solution File, Format Version 11.00
# Visual Studio 2010
Project("{FAE04EC0-301F-11D3-BF4B-00C04F79EFBC}") = "LcdExample", "LcdExample\LcdExample.csproj", "{D5E41B28-D2D1-4ECA-9176-B7D23894DE49}"
EndProject
Project("{FAE04EC0-301F-11D3-BF4B-00C04F79EFBC}") = "MonoBrickFirmware", "MonoBrickFirmware\MonoBrickFirmware.csproj", "{67261E03-D263-4C42-A5AD-2A4820231B28}"
EndProject
Project("{FAE04EC0-301F-11D3-BF4B-00C04F79EFBC}") = "MotorExample", "MotorExample\MotorExample.csproj", "{76DEED88-464B-42B7-8F82-0EB0249B05A7}"
EndProject
Project("{FAE04EC0-301F-11D3-BF4B-00C04F79EFBC}") = "StartupApp", "StartupApp\StartupApp.csproj", "{75E781D0-7313-445B-8430-DECB0AD3C96E}"
EndProject
Project("{FAE04EC0-301F-11D3-BF4B-00C04F79EFBC}") = "VehicleExample", "VehicleExample\VehicleExample.csproj", "{087D4242-7FC3-48C5-8F61-0C7329BBC5F4}"
EndProject
Project("{FAE04EC0-301F-11D3-BF4B-00C04F79EFBC}") = "TouchSensorExample", "TouchSensorExample\TouchSensorExample.csproj", "{3FCBF457-301A-4F4E-B2E2-D6D2C680FDAC}"
EndProject
Project("{FAE04EC0-301F-11D3-BF4B-00C04F79EFBC}") = "LightSensorExample", "LightSensorExample\LightSensorExample.csproj", "{610E902C-B188-4C05-BDEB-1CDB38893F89}"
EndProject
Project("{FAE04EC0-301F-11D3-BF4B-00C04F79EFBC}") = "ColorSensorExample", "ColorSensorExample\ColorSensorExample.csproj", "{CFE397E2-F479-4B7D-BB02-11BC2859F00B}"
EndProject
Project("{FAE04EC0-301F-11D3-BF4B-00C04F79EFBC}") = "FacebookExample", "FacebookExample\FacebookExample.csproj", "{B5086CF6-F415-44FB-8543-E912A7D28D05}"
EndProject
Project("{FAE04EC0-301F-11D3-BF4B-00C04F79EFBC}") = "IRSensorExample", "IRSensorExample\IRSensorExample.csproj", "{826357C7-2F1F-46CD-8786-5987E6E26767}"
EndProject
Project("{FAE04EC0-301F-11D3-BF4B-00C04F79EFBC}") = "HiTechnicI2CExample", "HiTechnicI2CExample\HiTechnicI2CExample.csproj", "{11C84BA4-9A8A-4BF2-AA7B-2D45AC63ACAE}"
EndProject
Project("{FAE04EC0-301F-11D3-BF4B-00C04F79EFBC}") = "SoundSensorExample", "SoundSensorExample\SoundSensorExample.csproj", "{61423DCA-229C-4A9C-B49A-3F2C1432B8F0}"
EndProject
Project("{FAE04EC0-301F-11D3-BF4B-00C04F79EFBC}") = "UltraSonicSensorExample", "UltraSonicSensorExample\UltraSonicSensorExample.csproj", "{5E5516A2-E61D-4748-A4C0-0B92EDC67048}"
EndProject
Project("{FAE04EC0-301F-11D3-BF4B-00C04F79EFBC}") = "GyroSensorExample", "GyroSensorExample\GyroSensorExample.csproj", "{CB1D3F34-4C0F-409F-844B-4874E251E34A}"
EndProject
Project("{FAE04EC0-301F-11D3-BF4B-00C04F79EFBC}") = "GmailExample", "GmailExample\GmailExample.csproj", "{F9469EB1-222C-4F43-B426-4FA196401BE7}"
EndProject
Project("{FAE04EC0-301F-11D3-BF4B-00C04F79EFBC}") = "JITTest", "JITTest\JITTest.csproj", "{9C5F4ECE-D07C-40F3-AC02-E3CF5A71C1F6}"
EndProject
Project("{FAE04EC0-301F-11D3-BF4B-00C04F79EFBC}") = "SoundExample", "SoundExample\SoundExample.csproj", "{E89DEB78-3534-4A71-89D4-9504EF7C7884}"
EndProject
Project("{FAE04EC0-301F-11D3-BF4B-00C04F79EFBC}") = "HiTechnicGyroSensorExample", "HiTechnicGyroSensorExample\HiTechnicGyroSensorExample.csproj", "{E069E7FC-8331-40B1-BB45-119E02210B96}"
EndProject
Project("{FAE04EC0-301F-11D3-BF4B-00C04F79EFBC}") = "MonoBrickWebServer", "MonoBrickWebServer\MonoBrickWebServer.csproj", "{46A2BC89-7B2D-40CC-84D2-67A145924A0B}"
EndProject
Global
	GlobalSection(SolutionConfigurationPlatforms) = preSolution
		Debug|Any CPU = Debug|Any CPU
		Debug|Mixed Platforms = Debug|Mixed Platforms
		Debug|x86 = Debug|x86
		Release|Any CPU = Release|Any CPU
		Release|Mixed Platforms = Release|Mixed Platforms
		Release|x86 = Release|x86
	EndGlobalSection
	GlobalSection(ProjectConfigurationPlatforms) = postSolution
		{087D4242-7FC3-48C5-8F61-0C7329BBC5F4}.Debug|Any CPU.ActiveCfg = Debug|x86
		{087D4242-7FC3-48C5-8F61-0C7329BBC5F4}.Debug|Mixed Platforms.ActiveCfg = Debug|x86
		{087D4242-7FC3-48C5-8F61-0C7329BBC5F4}.Debug|Mixed Platforms.Build.0 = Debug|x86
		{087D4242-7FC3-48C5-8F61-0C7329BBC5F4}.Debug|x86.ActiveCfg = Debug|x86
		{087D4242-7FC3-48C5-8F61-0C7329BBC5F4}.Debug|x86.Build.0 = Debug|x86
		{087D4242-7FC3-48C5-8F61-0C7329BBC5F4}.Release|Any CPU.ActiveCfg = Release|x86
		{087D4242-7FC3-48C5-8F61-0C7329BBC5F4}.Release|Mixed Platforms.ActiveCfg = Release|x86
		{087D4242-7FC3-48C5-8F61-0C7329BBC5F4}.Release|Mixed Platforms.Build.0 = Release|x86
		{087D4242-7FC3-48C5-8F61-0C7329BBC5F4}.Release|x86.ActiveCfg = Release|x86
		{087D4242-7FC3-48C5-8F61-0C7329BBC5F4}.Release|x86.Build.0 = Release|x86
		{11C84BA4-9A8A-4BF2-AA7B-2D45AC63ACAE}.Debug|Any CPU.ActiveCfg = Debug|x86
		{11C84BA4-9A8A-4BF2-AA7B-2D45AC63ACAE}.Debug|Mixed Platforms.ActiveCfg = Debug|x86
		{11C84BA4-9A8A-4BF2-AA7B-2D45AC63ACAE}.Debug|Mixed Platforms.Build.0 = Debug|x86
		{11C84BA4-9A8A-4BF2-AA7B-2D45AC63ACAE}.Debug|x86.ActiveCfg = Debug|x86
		{11C84BA4-9A8A-4BF2-AA7B-2D45AC63ACAE}.Debug|x86.Build.0 = Debug|x86
		{11C84BA4-9A8A-4BF2-AA7B-2D45AC63ACAE}.Release|Any CPU.ActiveCfg = Release|x86
		{11C84BA4-9A8A-4BF2-AA7B-2D45AC63ACAE}.Release|Mixed Platforms.ActiveCfg = Release|x86
		{11C84BA4-9A8A-4BF2-AA7B-2D45AC63ACAE}.Release|Mixed Platforms.Build.0 = Release|x86
		{11C84BA4-9A8A-4BF2-AA7B-2D45AC63ACAE}.Release|x86.ActiveCfg = Release|x86
		{11C84BA4-9A8A-4BF2-AA7B-2D45AC63ACAE}.Release|x86.Build.0 = Release|x86
		{3FCBF457-301A-4F4E-B2E2-D6D2C680FDAC}.Debug|Any CPU.ActiveCfg = Debug|x86
		{3FCBF457-301A-4F4E-B2E2-D6D2C680FDAC}.Debug|Mixed Platforms.ActiveCfg = Debug|x86
		{3FCBF457-301A-4F4E-B2E2-D6D2C680FDAC}.Debug|Mixed Platforms.Build.0 = Debug|x86
		{3FCBF457-301A-4F4E-B2E2-D6D2C680FDAC}.Debug|x86.ActiveCfg = Debug|x86
		{3FCBF457-301A-4F4E-B2E2-D6D2C680FDAC}.Debug|x86.Build.0 = Debug|x86
		{3FCBF457-301A-4F4E-B2E2-D6D2C680FDAC}.Release|Any CPU.ActiveCfg = Release|x86
		{3FCBF457-301A-4F4E-B2E2-D6D2C680FDAC}.Release|Mixed Platforms.ActiveCfg = Release|x86
		{3FCBF457-301A-4F4E-B2E2-D6D2C680FDAC}.Release|Mixed Platforms.Build.0 = Release|x86
		{3FCBF457-301A-4F4E-B2E2-D6D2C680FDAC}.Release|x86.ActiveCfg = Release|x86
		{3FCBF457-301A-4F4E-B2E2-D6D2C680FDAC}.Release|x86.Build.0 = Release|x86
		{46A2BC89-7B2D-40CC-84D2-67A145924A0B}.Debug|Any CPU.ActiveCfg = Debug|Any CPU
		{46A2BC89-7B2D-40CC-84D2-67A145924A0B}.Debug|Any CPU.Build.0 = Debug|Any CPU
		{46A2BC89-7B2D-40CC-84D2-67A145924A0B}.Debug|Mixed Platforms.ActiveCfg = Debug|Any CPU
		{46A2BC89-7B2D-40CC-84D2-67A145924A0B}.Debug|Mixed Platforms.Build.0 = Debug|Any CPU
		{46A2BC89-7B2D-40CC-84D2-67A145924A0B}.Debug|x86.ActiveCfg = Debug|Any CPU
		{46A2BC89-7B2D-40CC-84D2-67A145924A0B}.Debug|x86.Build.0 = Debug|Any CPU
		{46A2BC89-7B2D-40CC-84D2-67A145924A0B}.Release|Any CPU.ActiveCfg = Release|Any CPU
		{46A2BC89-7B2D-40CC-84D2-67A145924A0B}.Release|Any CPU.Build.0 = Release|Any CPU
		{46A2BC89-7B2D-40CC-84D2-67A145924A0B}.Release|Mixed Platforms.ActiveCfg = Release|Any CPU
		{46A2BC89-7B2D-40CC-84D2-67A145924A0B}.Release|Mixed Platforms.Build.0 = Release|Any CPU
		{46A2BC89-7B2D-40CC-84D2-67A145924A0B}.Release|x86.ActiveCfg = Release|Any CPU
		{46A2BC89-7B2D-40CC-84D2-67A145924A0B}.Release|x86.Build.0 = Release|Any CPU
		{5E5516A2-E61D-4748-A4C0-0B92EDC67048}.Debug|Any CPU.ActiveCfg = Debug|x86
		{5E5516A2-E61D-4748-A4C0-0B92EDC67048}.Debug|Mixed Platforms.ActiveCfg = Debug|x86
		{5E5516A2-E61D-4748-A4C0-0B92EDC67048}.Debug|Mixed Platforms.Build.0 = Debug|x86
		{5E5516A2-E61D-4748-A4C0-0B92EDC67048}.Debug|x86.ActiveCfg = Debug|x86
		{5E5516A2-E61D-4748-A4C0-0B92EDC67048}.Debug|x86.Build.0 = Debug|x86
		{5E5516A2-E61D-4748-A4C0-0B92EDC67048}.Release|Any CPU.ActiveCfg = Release|x86
		{5E5516A2-E61D-4748-A4C0-0B92EDC67048}.Release|Mixed Platforms.ActiveCfg = Release|x86
		{5E5516A2-E61D-4748-A4C0-0B92EDC67048}.Release|Mixed Platforms.Build.0 = Release|x86
		{5E5516A2-E61D-4748-A4C0-0B92EDC67048}.Release|x86.ActiveCfg = Release|x86
		{5E5516A2-E61D-4748-A4C0-0B92EDC67048}.Release|x86.Build.0 = Release|x86
		{610E902C-B188-4C05-BDEB-1CDB38893F89}.Debug|Any CPU.ActiveCfg = Debug|x86
		{610E902C-B188-4C05-BDEB-1CDB38893F89}.Debug|Mixed Platforms.ActiveCfg = Debug|x86
		{610E902C-B188-4C05-BDEB-1CDB38893F89}.Debug|Mixed Platforms.Build.0 = Debug|x86
		{610E902C-B188-4C05-BDEB-1CDB38893F89}.Debug|x86.ActiveCfg = Debug|x86
		{610E902C-B188-4C05-BDEB-1CDB38893F89}.Debug|x86.Build.0 = Debug|x86
		{610E902C-B188-4C05-BDEB-1CDB38893F89}.Release|Any CPU.ActiveCfg = Release|x86
		{610E902C-B188-4C05-BDEB-1CDB38893F89}.Release|Mixed Platforms.ActiveCfg = Release|x86
		{610E902C-B188-4C05-BDEB-1CDB38893F89}.Release|Mixed Platforms.Build.0 = Release|x86
		{610E902C-B188-4C05-BDEB-1CDB38893F89}.Release|x86.ActiveCfg = Release|x86
		{610E902C-B188-4C05-BDEB-1CDB38893F89}.Release|x86.Build.0 = Release|x86
		{61423DCA-229C-4A9C-B49A-3F2C1432B8F0}.Debug|Any CPU.ActiveCfg = Debug|x86
		{61423DCA-229C-4A9C-B49A-3F2C1432B8F0}.Debug|Mixed Platforms.ActiveCfg = Debug|x86
		{61423DCA-229C-4A9C-B49A-3F2C1432B8F0}.Debug|Mixed Platforms.Build.0 = Debug|x86
		{61423DCA-229C-4A9C-B49A-3F2C1432B8F0}.Debug|x86.ActiveCfg = Debug|x86
		{61423DCA-229C-4A9C-B49A-3F2C1432B8F0}.Debug|x86.Build.0 = Debug|x86
		{61423DCA-229C-4A9C-B49A-3F2C1432B8F0}.Release|Any CPU.ActiveCfg = Release|x86
		{61423DCA-229C-4A9C-B49A-3F2C1432B8F0}.Release|Mixed Platforms.ActiveCfg = Release|x86
		{61423DCA-229C-4A9C-B49A-3F2C1432B8F0}.Release|Mixed Platforms.Build.0 = Release|x86
		{61423DCA-229C-4A9C-B49A-3F2C1432B8F0}.Release|x86.ActiveCfg = Release|x86
		{61423DCA-229C-4A9C-B49A-3F2C1432B8F0}.Release|x86.Build.0 = Release|x86
		{67261E03-D263-4C42-A5AD-2A4820231B28}.Debug|Any CPU.ActiveCfg = Debug|x86
		{67261E03-D263-4C42-A5AD-2A4820231B28}.Debug|Mixed Platforms.ActiveCfg = Debug|x86
		{67261E03-D263-4C42-A5AD-2A4820231B28}.Debug|Mixed Platforms.Build.0 = Debug|x86
		{67261E03-D263-4C42-A5AD-2A4820231B28}.Debug|x86.ActiveCfg = Debug|x86
		{67261E03-D263-4C42-A5AD-2A4820231B28}.Debug|x86.Build.0 = Debug|x86
		{67261E03-D263-4C42-A5AD-2A4820231B28}.Release|Any CPU.ActiveCfg = Release|x86
		{67261E03-D263-4C42-A5AD-2A4820231B28}.Release|Mixed Platforms.ActiveCfg = Release|x86
		{67261E03-D263-4C42-A5AD-2A4820231B28}.Release|Mixed Platforms.Build.0 = Release|x86
		{67261E03-D263-4C42-A5AD-2A4820231B28}.Release|x86.ActiveCfg = Release|x86
		{67261E03-D263-4C42-A5AD-2A4820231B28}.Release|x86.Build.0 = Release|x86
		{75E781D0-7313-445B-8430-DECB0AD3C96E}.Debug|Any CPU.ActiveCfg = Debug|x86
		{75E781D0-7313-445B-8430-DECB0AD3C96E}.Debug|Any CPU.Build.0 = Debug|x86
		{75E781D0-7313-445B-8430-DECB0AD3C96E}.Debug|Mixed Platforms.ActiveCfg = Debug|x86
		{75E781D0-7313-445B-8430-DECB0AD3C96E}.Debug|Mixed Platforms.Build.0 = Debug|x86
		{75E781D0-7313-445B-8430-DECB0AD3C96E}.Debug|x86.ActiveCfg = Debug|x86
		{75E781D0-7313-445B-8430-DECB0AD3C96E}.Debug|x86.Build.0 = Debug|x86
		{75E781D0-7313-445B-8430-DECB0AD3C96E}.Release|Any CPU.ActiveCfg = Release|x86
		{75E781D0-7313-445B-8430-DECB0AD3C96E}.Release|Any CPU.Build.0 = Release|x86
		{75E781D0-7313-445B-8430-DECB0AD3C96E}.Release|Mixed Platforms.ActiveCfg = Release|x86
		{75E781D0-7313-445B-8430-DECB0AD3C96E}.Release|Mixed Platforms.Build.0 = Release|x86
		{75E781D0-7313-445B-8430-DECB0AD3C96E}.Release|x86.ActiveCfg = Release|x86
		{75E781D0-7313-445B-8430-DECB0AD3C96E}.Release|x86.Build.0 = Release|x86
		{76DEED88-464B-42B7-8F82-0EB0249B05A7}.Debug|Any CPU.ActiveCfg = Debug|x86
		{76DEED88-464B-42B7-8F82-0EB0249B05A7}.Debug|Mixed Platforms.ActiveCfg = Debug|x86
		{76DEED88-464B-42B7-8F82-0EB0249B05A7}.Debug|Mixed Platforms.Build.0 = Debug|x86
		{76DEED88-464B-42B7-8F82-0EB0249B05A7}.Debug|x86.ActiveCfg = Debug|x86
		{76DEED88-464B-42B7-8F82-0EB0249B05A7}.Debug|x86.Build.0 = Debug|x86
		{76DEED88-464B-42B7-8F82-0EB0249B05A7}.Release|Any CPU.ActiveCfg = Release|x86
		{76DEED88-464B-42B7-8F82-0EB0249B05A7}.Release|Mixed Platforms.ActiveCfg = Release|x86
		{76DEED88-464B-42B7-8F82-0EB0249B05A7}.Release|Mixed Platforms.Build.0 = Release|x86
		{76DEED88-464B-42B7-8F82-0EB0249B05A7}.Release|x86.ActiveCfg = Release|x86
		{76DEED88-464B-42B7-8F82-0EB0249B05A7}.Release|x86.Build.0 = Release|x86
		{826357C7-2F1F-46CD-8786-5987E6E26767}.Debug|Any CPU.ActiveCfg = Debug|x86
		{826357C7-2F1F-46CD-8786-5987E6E26767}.Debug|Mixed Platforms.ActiveCfg = Debug|x86
		{826357C7-2F1F-46CD-8786-5987E6E26767}.Debug|Mixed Platforms.Build.0 = Debug|x86
		{826357C7-2F1F-46CD-8786-5987E6E26767}.Debug|x86.ActiveCfg = Debug|x86
		{826357C7-2F1F-46CD-8786-5987E6E26767}.Debug|x86.Build.0 = Debug|x86
		{826357C7-2F1F-46CD-8786-5987E6E26767}.Release|Any CPU.ActiveCfg = Release|x86
		{826357C7-2F1F-46CD-8786-5987E6E26767}.Release|Mixed Platforms.ActiveCfg = Release|x86
		{826357C7-2F1F-46CD-8786-5987E6E26767}.Release|Mixed Platforms.Build.0 = Release|x86
		{826357C7-2F1F-46CD-8786-5987E6E26767}.Release|x86.ActiveCfg = Release|x86
		{826357C7-2F1F-46CD-8786-5987E6E26767}.Release|x86.Build.0 = Release|x86
		{9C5F4ECE-D07C-40F3-AC02-E3CF5A71C1F6}.Debug|Any CPU.ActiveCfg = Debug|x86
		{9C5F4ECE-D07C-40F3-AC02-E3CF5A71C1F6}.Debug|Mixed Platforms.ActiveCfg = Debug|x86
		{9C5F4ECE-D07C-40F3-AC02-E3CF5A71C1F6}.Debug|Mixed Platforms.Build.0 = Debug|x86
		{9C5F4ECE-D07C-40F3-AC02-E3CF5A71C1F6}.Debug|x86.ActiveCfg = Debug|x86
		{9C5F4ECE-D07C-40F3-AC02-E3CF5A71C1F6}.Release|Any CPU.ActiveCfg = Release|x86
		{9C5F4ECE-D07C-40F3-AC02-E3CF5A71C1F6}.Release|Mixed Platforms.ActiveCfg = Release|x86
		{9C5F4ECE-D07C-40F3-AC02-E3CF5A71C1F6}.Release|Mixed Platforms.Build.0 = Release|x86
		{9C5F4ECE-D07C-40F3-AC02-E3CF5A71C1F6}.Release|x86.ActiveCfg = Release|x86
		{9C5F4ECE-D07C-40F3-AC02-E3CF5A71C1F6}.Release|x86.Build.0 = Release|x86
		{B5086CF6-F415-44FB-8543-E912A7D28D05}.Debug|Any CPU.ActiveCfg = Debug|x86
		{B5086CF6-F415-44FB-8543-E912A7D28D05}.Debug|Mixed Platforms.ActiveCfg = Debug|x86
		{B5086CF6-F415-44FB-8543-E912A7D28D05}.Debug|Mixed Platforms.Build.0 = Debug|x86
		{B5086CF6-F415-44FB-8543-E912A7D28D05}.Debug|x86.ActiveCfg = Debug|x86
		{B5086CF6-F415-44FB-8543-E912A7D28D05}.Release|Any CPU.ActiveCfg = Release|x86
		{B5086CF6-F415-44FB-8543-E912A7D28D05}.Release|Mixed Platforms.ActiveCfg = Release|x86
		{B5086CF6-F415-44FB-8543-E912A7D28D05}.Release|Mixed Platforms.Build.0 = Release|x86
		{B5086CF6-F415-44FB-8543-E912A7D28D05}.Release|x86.ActiveCfg = Release|x86
		{CB1D3F34-4C0F-409F-844B-4874E251E34A}.Debug|Any CPU.ActiveCfg = Debug|x86
		{CB1D3F34-4C0F-409F-844B-4874E251E34A}.Debug|Mixed Platforms.ActiveCfg = Debug|x86
		{CB1D3F34-4C0F-409F-844B-4874E251E34A}.Debug|Mixed Platforms.Build.0 = Debug|x86
		{CB1D3F34-4C0F-409F-844B-4874E251E34A}.Debug|x86.ActiveCfg = Debug|x86
		{CB1D3F34-4C0F-409F-844B-4874E251E34A}.Debug|x86.Build.0 = Debug|x86
		{CB1D3F34-4C0F-409F-844B-4874E251E34A}.Release|Any CPU.ActiveCfg = Release|x86
		{CB1D3F34-4C0F-409F-844B-4874E251E34A}.Release|Mixed Platforms.ActiveCfg = Release|x86
		{CB1D3F34-4C0F-409F-844B-4874E251E34A}.Release|Mixed Platforms.Build.0 = Release|x86
		{CB1D3F34-4C0F-409F-844B-4874E251E34A}.Release|x86.ActiveCfg = Release|x86
		{CB1D3F34-4C0F-409F-844B-4874E251E34A}.Release|x86.Build.0 = Release|x86
		{CFE397E2-F479-4B7D-BB02-11BC2859F00B}.Debug|Any CPU.ActiveCfg = Debug|x86
		{CFE397E2-F479-4B7D-BB02-11BC2859F00B}.Debug|Mixed Platforms.ActiveCfg = Debug|x86
		{CFE397E2-F479-4B7D-BB02-11BC2859F00B}.Debug|Mixed Platforms.Build.0 = Debug|x86
		{CFE397E2-F479-4B7D-BB02-11BC2859F00B}.Debug|x86.ActiveCfg = Debug|x86
		{CFE397E2-F479-4B7D-BB02-11BC2859F00B}.Debug|x86.Build.0 = Debug|x86
		{CFE397E2-F479-4B7D-BB02-11BC2859F00B}.Release|Any CPU.ActiveCfg = Release|x86
		{CFE397E2-F479-4B7D-BB02-11BC2859F00B}.Release|Mixed Platforms.ActiveCfg = Release|x86
		{CFE397E2-F479-4B7D-BB02-11BC2859F00B}.Release|Mixed Platforms.Build.0 = Release|x86
		{CFE397E2-F479-4B7D-BB02-11BC2859F00B}.Release|x86.ActiveCfg = Release|x86
		{CFE397E2-F479-4B7D-BB02-11BC2859F00B}.Release|x86.Build.0 = Release|x86
		{D5E41B28-D2D1-4ECA-9176-B7D23894DE49}.Debug|Any CPU.ActiveCfg = Debug|x86
		{D5E41B28-D2D1-4ECA-9176-B7D23894DE49}.Debug|Mixed Platforms.ActiveCfg = Debug|x86
		{D5E41B28-D2D1-4ECA-9176-B7D23894DE49}.Debug|Mixed Platforms.Build.0 = Debug|x86
		{D5E41B28-D2D1-4ECA-9176-B7D23894DE49}.Debug|x86.ActiveCfg = Debug|x86
		{D5E41B28-D2D1-4ECA-9176-B7D23894DE49}.Debug|x86.Build.0 = Debug|x86
		{D5E41B28-D2D1-4ECA-9176-B7D23894DE49}.Release|Any CPU.ActiveCfg = Release|x86
		{D5E41B28-D2D1-4ECA-9176-B7D23894DE49}.Release|Mixed Platforms.ActiveCfg = Release|x86
		{D5E41B28-D2D1-4ECA-9176-B7D23894DE49}.Release|Mixed Platforms.Build.0 = Release|x86
		{D5E41B28-D2D1-4ECA-9176-B7D23894DE49}.Release|x86.ActiveCfg = Release|x86
		{D5E41B28-D2D1-4ECA-9176-B7D23894DE49}.Release|x86.Build.0 = Release|x86
		{E069E7FC-8331-40B1-BB45-119E02210B96}.Debug|Any CPU.ActiveCfg = Debug|x86
		{E069E7FC-8331-40B1-BB45-119E02210B96}.Debug|Mixed Platforms.ActiveCfg = Debug|x86
		{E069E7FC-8331-40B1-BB45-119E02210B96}.Debug|Mixed Platforms.Build.0 = Debug|x86
		{E069E7FC-8331-40B1-BB45-119E02210B96}.Debug|x86.ActiveCfg = Debug|x86
		{E069E7FC-8331-40B1-BB45-119E02210B96}.Debug|x86.Build.0 = Debug|x86
		{E069E7FC-8331-40B1-BB45-119E02210B96}.Release|Any CPU.ActiveCfg = Release|x86
		{E069E7FC-8331-40B1-BB45-119E02210B96}.Release|Mixed Platforms.ActiveCfg = Release|x86
		{E069E7FC-8331-40B1-BB45-119E02210B96}.Release|Mixed Platforms.Build.0 = Release|x86
		{E069E7FC-8331-40B1-BB45-119E02210B96}.Release|x86.ActiveCfg = Release|x86
		{E069E7FC-8331-40B1-BB45-119E02210B96}.Release|x86.Build.0 = Release|x86
		{E89DEB78-3534-4A71-89D4-9504EF7C7884}.Debug|Any CPU.ActiveCfg = Debug|x86
		{E89DEB78-3534-4A71-89D4-9504EF7C7884}.Debug|Mixed Platforms.ActiveCfg = Debug|x86
		{E89DEB78-3534-4A71-89D4-9504EF7C7884}.Debug|Mixed Platforms.Build.0 = Debug|x86
		{E89DEB78-3534-4A71-89D4-9504EF7C7884}.Debug|x86.ActiveCfg = Debug|x86
		{E89DEB78-3534-4A71-89D4-9504EF7C7884}.Debug|x86.Build.0 = Debug|x86
		{E89DEB78-3534-4A71-89D4-9504EF7C7884}.Release|Any CPU.ActiveCfg = Release|x86
		{E89DEB78-3534-4A71-89D4-9504EF7C7884}.Release|Mixed Platforms.ActiveCfg = Release|x86
		{E89DEB78-3534-4A71-89D4-9504EF7C7884}.Release|Mixed Platforms.Build.0 = Release|x86
		{E89DEB78-3534-4A71-89D4-9504EF7C7884}.Release|x86.ActiveCfg = Release|x86
		{E89DEB78-3534-4A71-89D4-9504EF7C7884}.Release|x86.Build.0 = Release|x86
		{F9469EB1-222C-4F43-B426-4FA196401BE7}.Debug|Any CPU.ActiveCfg = Debug|x86
		{F9469EB1-222C-4F43-B426-4FA196401BE7}.Debug|Mixed Platforms.ActiveCfg = Debug|x86
		{F9469EB1-222C-4F43-B426-4FA196401BE7}.Debug|Mixed Platforms.Build.0 = Debug|x86
		{F9469EB1-222C-4F43-B426-4FA196401BE7}.Debug|x86.ActiveCfg = Debug|x86
		{F9469EB1-222C-4F43-B426-4FA196401BE7}.Release|Any CPU.ActiveCfg = Release|x86
		{F9469EB1-222C-4F43-B426-4FA196401BE7}.Release|Mixed Platforms.ActiveCfg = Release|x86
		{F9469EB1-222C-4F43-B426-4FA196401BE7}.Release|Mixed Platforms.Build.0 = Release|x86
		{F9469EB1-222C-4F43-B426-4FA196401BE7}.Release|x86.ActiveCfg = Release|x86
	EndGlobalSection
	GlobalSection(MonoDevelopProperties) = preSolution
		StartupItem = StartupApp\StartupApp.csproj
		Policies = $0
		$0.VersionControlPolicy = $1
		$1.CommitMessageStyle = $2
		$2.FirstFilePrefix = 
		$2.FileSeparator = ", "
		$2.LineAlign = 0
		$2.InterMessageLines = 0
		$2.Wrap = False
		$1.inheritsSet = Mono
		$0.ChangeLogPolicy = $3
		$3.UpdateMode = None
		$3.VcsIntegration = None
		$3.MessageStyle = $4
		$4.LineAlign = 0
		$3.inheritsSet = Mono
	EndGlobalSection
	GlobalSection(SolutionProperties) = preSolution
		HideSolutionNode = FALSE
	EndGlobalSection
EndGlobal
